
Microsoft Visual Studio Solution File, Format Version 12.00
# Visual Studio 15
VisualStudioVersion = 15.0.26124.0
MinimumVisualStudioVersion = 15.0.26124.0
Project("{FAE04EC0-301F-11D3-BF4B-00C04F79EFBC}") = "MNCD", "MNCD\MNCD.csproj", "{CBC5002F-61B6-4C06-BEEE-09EFADFBF0E2}"
EndProject
Project("{FAE04EC0-301F-11D3-BF4B-00C04F79EFBC}") = "MNCD.Tests", "MNCD.Tests\MNCD.Tests.csproj", "{14AD22A6-EF00-4429-A058-4B4FEDED0522}"
EndProject
Global
	GlobalSection(SolutionConfigurationPlatforms) = preSolution
		Debug|Any CPU = Debug|Any CPU
		Debug|x64 = Debug|x64
		Debug|x86 = Debug|x86
		Release|Any CPU = Release|Any CPU
		Release|x64 = Release|x64
		Release|x86 = Release|x86
	EndGlobalSection
	GlobalSection(SolutionProperties) = preSolution
		HideSolutionNode = FALSE
	EndGlobalSection
	GlobalSection(ProjectConfigurationPlatforms) = postSolution
		{CBC5002F-61B6-4C06-BEEE-09EFADFBF0E2}.Debug|Any CPU.ActiveCfg = Debug|Any CPU
		{CBC5002F-61B6-4C06-BEEE-09EFADFBF0E2}.Debug|Any CPU.Build.0 = Debug|Any CPU
		{CBC5002F-61B6-4C06-BEEE-09EFADFBF0E2}.Debug|x64.ActiveCfg = Debug|Any CPU
		{CBC5002F-61B6-4C06-BEEE-09EFADFBF0E2}.Debug|x64.Build.0 = Debug|Any CPU
		{CBC5002F-61B6-4C06-BEEE-09EFADFBF0E2}.Debug|x86.ActiveCfg = Debug|Any CPU
		{CBC5002F-61B6-4C06-BEEE-09EFADFBF0E2}.Debug|x86.Build.0 = Debug|Any CPU
		{CBC5002F-61B6-4C06-BEEE-09EFADFBF0E2}.Release|Any CPU.ActiveCfg = Release|Any CPU
		{CBC5002F-61B6-4C06-BEEE-09EFADFBF0E2}.Release|Any CPU.Build.0 = Release|Any CPU
		{CBC5002F-61B6-4C06-BEEE-09EFADFBF0E2}.Release|x64.ActiveCfg = Release|Any CPU
		{CBC5002F-61B6-4C06-BEEE-09EFADFBF0E2}.Release|x64.Build.0 = Release|Any CPU
		{CBC5002F-61B6-4C06-BEEE-09EFADFBF0E2}.Release|x86.ActiveCfg = Release|Any CPU
		{CBC5002F-61B6-4C06-BEEE-09EFADFBF0E2}.Release|x86.Build.0 = Release|Any CPU
		{FA85A6E7-08CB-43EE-B143-50E2C10EEF4D}.Debug|Any CPU.ActiveCfg = Debug|Any CPU
		{FA85A6E7-08CB-43EE-B143-50E2C10EEF4D}.Debug|Any CPU.Build.0 = Debug|Any CPU
		{FA85A6E7-08CB-43EE-B143-50E2C10EEF4D}.Debug|x64.ActiveCfg = Debug|Any CPU
		{FA85A6E7-08CB-43EE-B143-50E2C10EEF4D}.Debug|x64.Build.0 = Debug|Any CPU
		{FA85A6E7-08CB-43EE-B143-50E2C10EEF4D}.Debug|x86.ActiveCfg = Debug|Any CPU
		{FA85A6E7-08CB-43EE-B143-50E2C10EEF4D}.Debug|x86.Build.0 = Debug|Any CPU
		{FA85A6E7-08CB-43EE-B143-50E2C10EEF4D}.Release|Any CPU.ActiveCfg = Release|Any CPU
		{FA85A6E7-08CB-43EE-B143-50E2C10EEF4D}.Release|Any CPU.Build.0 = Release|Any CPU
		{FA85A6E7-08CB-43EE-B143-50E2C10EEF4D}.Release|x64.ActiveCfg = Release|Any CPU
		{FA85A6E7-08CB-43EE-B143-50E2C10EEF4D}.Release|x64.Build.0 = Release|Any CPU
		{FA85A6E7-08CB-43EE-B143-50E2C10EEF4D}.Release|x86.ActiveCfg = Release|Any CPU
		{FA85A6E7-08CB-43EE-B143-50E2C10EEF4D}.Release|x86.Build.0 = Release|Any CPU
		{14AD22A6-EF00-4429-A058-4B4FEDED0522}.Debug|Any CPU.ActiveCfg = Debug|Any CPU
		{14AD22A6-EF00-4429-A058-4B4FEDED0522}.Debug|Any CPU.Build.0 = Debug|Any CPU
		{14AD22A6-EF00-4429-A058-4B4FEDED0522}.Debug|x64.ActiveCfg = Debug|Any CPU
		{14AD22A6-EF00-4429-A058-4B4FEDED0522}.Debug|x64.Build.0 = Debug|Any CPU
		{14AD22A6-EF00-4429-A058-4B4FEDED0522}.Debug|x86.ActiveCfg = Debug|Any CPU
		{14AD22A6-EF00-4429-A058-4B4FEDED0522}.Debug|x86.Build.0 = Debug|Any CPU
		{14AD22A6-EF00-4429-A058-4B4FEDED0522}.Release|Any CPU.ActiveCfg = Release|Any CPU
		{14AD22A6-EF00-4429-A058-4B4FEDED0522}.Release|Any CPU.Build.0 = Release|Any CPU
		{14AD22A6-EF00-4429-A058-4B4FEDED0522}.Release|x64.ActiveCfg = Release|Any CPU
		{14AD22A6-EF00-4429-A058-4B4FEDED0522}.Release|x64.Build.0 = Release|Any CPU
		{14AD22A6-EF00-4429-A058-4B4FEDED0522}.Release|x86.ActiveCfg = Release|Any CPU
		{14AD22A6-EF00-4429-A058-4B4FEDED0522}.Release|x86.Build.0 = Release|Any CPU
	EndGlobalSection
EndGlobal
